{
   "name": "packages-update",
   "version": "1.0.1",
   "lockfileVersion": 3,
   "requires": true,
   "packages": {
      "": {
         "name": "packages-update",
         "version": "1.0.1",
         "license": "MIT",
         "bin": {
            "npu": "bin/index.cjs",
            "packages-update": "bin/index.cjs"
         },
         "devDependencies": {
            "prettier": "^2.8.1"
         },
         "engines": {
            "node": ">=14.18.0 || >=16.0.0",
            "npm": ">=7.0.2"
         }
      },
      "node_modules/prettier": {
         "version": "2.8.1",
         "resolved": "https://registry.npmjs.org/prettier/-/prettier-2.8.1.tgz",
         "integrity": "sha512-lqGoSJBQNJidqCHE80vqZJHWHRFoNYsSpP9AjFhlhi9ODCJA541svILes/+/1GM3VaL/abZi7cpFzOpdR9UPKg==",
         "dev": true,
         "bin": {
            "prettier": "bin-prettier.js"
         },
         "engines": {
            "node": ">=10.13.0"
         },
         "funding": {
            "url": "https://github.com/prettier/prettier?sponsor=1"
         }
      }
   }
}
